// !$*UTF8*$!
{
	archiveVersion = 1;
	classes = {
	};
	objectVersion = 48;
	objects = {

/* Begin PBXBuildFile section */
		F7A8E3DF205DA47C008505ED /* AppDelegate.swift in Sources */ = {isa = PBXBuildFile; fileRef = F7A8E3DE205DA47C008505ED /* AppDelegate.swift */; };
		F7A8E3E1205DA47C008505ED /* MainVC.swift in Sources */ = {isa = PBXBuildFile; fileRef = F7A8E3E0205DA47C008505ED /* MainVC.swift */; };
		F7A8E3E4205DA47C008505ED /* Main.storyboard in Resources */ = {isa = PBXBuildFile; fileRef = F7A8E3E2205DA47C008505ED /* Main.storyboard */; };
		F7A8E3E7205DA47C008505ED /* WindowShopper.xcdatamodeld in Sources */ = {isa = PBXBuildFile; fileRef = F7A8E3E5205DA47C008505ED /* WindowShopper.xcdatamodeld */; };
		F7A8E3E9205DA47C008505ED /* Assets.xcassets in Resources */ = {isa = PBXBuildFile; fileRef = F7A8E3E8205DA47C008505ED /* Assets.xcassets */; };
		F7A8E3EC205DA47C008505ED /* LaunchScreen.storyboard in Resources */ = {isa = PBXBuildFile; fileRef = F7A8E3EA205DA47C008505ED /* LaunchScreen.storyboard */; };
		F7A8E3F6205DA6EF008505ED /* CurrenyTxtField.swift in Sources */ = {isa = PBXBuildFile; fileRef = F7A8E3F5205DA6EF008505ED /* CurrenyTxtField.swift */; };
		F7A8E3FE205DB4A4008505ED /* WindowShopperTests.swift in Sources */ = {isa = PBXBuildFile; fileRef = F7A8E3FD205DB4A4008505ED /* WindowShopperTests.swift */; };
		F7A8E407205DBD21008505ED /* Wage.swift in Sources */ = {isa = PBXBuildFile; fileRef = F7A8E406205DBD21008505ED /* Wage.swift */; };
		F7A8E408205DBE52008505ED /* Wage.swift in Sources */ = {isa = PBXBuildFile; fileRef = F7A8E406205DBD21008505ED /* Wage.swift */; };
/* End PBXBuildFile section */

/* Begin PBXContainerItemProxy section */
		F7A8E400205DB4A4008505ED /* PBXContainerItemProxy */ = {
			isa = PBXContainerItemProxy;
			containerPortal = F7A8E3D3205DA47C008505ED /* Project object */;
			proxyType = 1;
			remoteGlobalIDString = F7A8E3DA205DA47C008505ED;
			remoteInfo = WindowShopper;
		};
/* End PBXContainerItemProxy section */

/* Begin PBXFileReference section */
		F7A8E3DB205DA47C008505ED /* WindowShopper.app */ = {isa = PBXFileReference; explicitFileType = wrapper.application; includeInIndex = 0; path = WindowShopper.app; sourceTree = BUILT_PRODUCTS_DIR; };
		F7A8E3DE205DA47C008505ED /* AppDelegate.swift */ = {isa = PBXFileReference; lastKnownFileType = sourcecode.swift; path = AppDelegate.swift; sourceTree = "<group>"; };
		F7A8E3E0205DA47C008505ED /* MainVC.swift */ = {isa = PBXFileReference; lastKnownFileType = sourcecode.swift; path = MainVC.swift; sourceTree = "<group>"; };
		F7A8E3E3205DA47C008505ED /* Base */ = {isa = PBXFileReference; lastKnownFileType = file.storyboard; name = Base; path = Base.lproj/Main.storyboard; sourceTree = "<group>"; };
		F7A8E3E6205DA47C008505ED /* WindowShopper.xcdatamodel */ = {isa = PBXFileReference; lastKnownFileType = wrapper.xcdatamodel; path = WindowShopper.xcdatamodel; sourceTree = "<group>"; };
		F7A8E3E8205DA47C008505ED /* Assets.xcassets */ = {isa = PBXFileReference; lastKnownFileType = folder.assetcatalog; path = Assets.xcassets; sourceTree = "<group>"; };
		F7A8E3EB205DA47C008505ED /* Base */ = {isa = PBXFileReference; lastKnownFileType = file.storyboard; name = Base; path = Base.lproj/LaunchScreen.storyboard; sourceTree = "<group>"; };
		F7A8E3ED205DA47C008505ED /* Info.plist */ = {isa = PBXFileReference; lastKnownFileType = text.plist.xml; path = Info.plist; sourceTree = "<group>"; };
		F7A8E3F5205DA6EF008505ED /* CurrenyTxtField.swift */ = {isa = PBXFileReference; lastKnownFileType = sourcecode.swift; path = CurrenyTxtField.swift; sourceTree = "<group>"; };
		F7A8E3FB205DB4A3008505ED /* WindowShopperTests.xctest */ = {isa = PBXFileReference; explicitFileType = wrapper.cfbundle; includeInIndex = 0; path = WindowShopperTests.xctest; sourceTree = BUILT_PRODUCTS_DIR; };
		F7A8E3FD205DB4A4008505ED /* WindowShopperTests.swift */ = {isa = PBXFileReference; lastKnownFileType = sourcecode.swift; path = WindowShopperTests.swift; sourceTree = "<group>"; };
		F7A8E3FF205DB4A4008505ED /* Info.plist */ = {isa = PBXFileReference; lastKnownFileType = text.plist.xml; path = Info.plist; sourceTree = "<group>"; };
		F7A8E406205DBD21008505ED /* Wage.swift */ = {isa = PBXFileReference; lastKnownFileType = sourcecode.swift; path = Wage.swift; sourceTree = "<group>"; };
/* End PBXFileReference section */

/* Begin PBXFrameworksBuildPhase section */
		F7A8E3D8205DA47C008505ED /* Frameworks */ = {
			isa = PBXFrameworksBuildPhase;
			buildActionMask = 2147483647;
			files = (
			);
			runOnlyForDeploymentPostprocessing = 0;
		};
		F7A8E3F8205DB4A3008505ED /* Frameworks */ = {
			isa = PBXFrameworksBuildPhase;
			buildActionMask = 2147483647;
			files = (
			);
			runOnlyForDeploymentPostprocessing = 0;
		};
/* End PBXFrameworksBuildPhase section */

/* Begin PBXGroup section */
		F7A8E3D2205DA47C008505ED = {
			isa = PBXGroup;
			children = (
				F7A8E3DD205DA47C008505ED /* WindowShopper */,
				F7A8E3FC205DB4A4008505ED /* WindowShopperTests */,
				F7A8E3DC205DA47C008505ED /* Products */,
			);
			sourceTree = "<group>";
		};
		F7A8E3DC205DA47C008505ED /* Products */ = {
			isa = PBXGroup;
			children = (
				F7A8E3DB205DA47C008505ED /* WindowShopper.app */,
				F7A8E3FB205DB4A3008505ED /* WindowShopperTests.xctest */,
			);
			name = Products;
			sourceTree = "<group>";
		};
		F7A8E3DD205DA47C008505ED /* WindowShopper */ = {
			isa = PBXGroup;
			children = (
				F7A8E405205DBCD7008505ED /* Model */,
				F7A8E3F4205DA6C5008505ED /* Views */,
				F7A8E3F3205DA4FC008505ED /* Controller */,
				F7A8E3DE205DA47C008505ED /* AppDelegate.swift */,
				F7A8E3E2205DA47C008505ED /* Main.storyboard */,
				F7A8E3E8205DA47C008505ED /* Assets.xcassets */,
				F7A8E3EA205DA47C008505ED /* LaunchScreen.storyboard */,
				F7A8E3ED205DA47C008505ED /* Info.plist */,
				F7A8E3E5205DA47C008505ED /* WindowShopper.xcdatamodeld */,
			);
			path = WindowShopper;
			sourceTree = "<group>";
		};
		F7A8E3F3205DA4FC008505ED /* Controller */ = {
			isa = PBXGroup;
			children = (
				F7A8E3E0205DA47C008505ED /* MainVC.swift */,
			);
			path = Controller;
			sourceTree = "<group>";
		};
		F7A8E3F4205DA6C5008505ED /* Views */ = {
			isa = PBXGroup;
			children = (
				F7A8E3F5205DA6EF008505ED /* CurrenyTxtField.swift */,
			);
			path = Views;
			sourceTree = "<group>";
		};
		F7A8E3FC205DB4A4008505ED /* WindowShopperTests */ = {
			isa = PBXGroup;
			children = (
				F7A8E3FD205DB4A4008505ED /* WindowShopperTests.swift */,
				F7A8E3FF205DB4A4008505ED /* Info.plist */,
			);
			path = WindowShopperTests;
			sourceTree = "<group>";
		};
		F7A8E405205DBCD7008505ED /* Model */ = {
			isa = PBXGroup;
			children = (
				F7A8E406205DBD21008505ED /* Wage.swift */,
			);
			path = Model;
			sourceTree = "<group>";
		};
/* End PBXGroup section */

/* Begin PBXNativeTarget section */
		F7A8E3DA205DA47C008505ED /* WindowShopper */ = {
			isa = PBXNativeTarget;
			buildConfigurationList = F7A8E3F0205DA47C008505ED /* Build configuration list for PBXNativeTarget "WindowShopper" */;
			buildPhases = (
				F7A8E3D7205DA47C008505ED /* Sources */,
				F7A8E3D8205DA47C008505ED /* Frameworks */,
				F7A8E3D9205DA47C008505ED /* Resources */,
			);
			buildRules = (
			);
			dependencies = (
			);
			name = WindowShopper;
			productName = WindowShopper;
			productReference = F7A8E3DB205DA47C008505ED /* WindowShopper.app */;
			productType = "com.apple.product-type.application";
		};
		F7A8E3FA205DB4A3008505ED /* WindowShopperTests */ = {
			isa = PBXNativeTarget;
			buildConfigurationList = F7A8E402205DB4A4008505ED /* Build configuration list for PBXNativeTarget "WindowShopperTests" */;
			buildPhases = (
				F7A8E3F7205DB4A3008505ED /* Sources */,
				F7A8E3F8205DB4A3008505ED /* Frameworks */,
				F7A8E3F9205DB4A3008505ED /* Resources */,
			);
			buildRules = (
			);
			dependencies = (
				F7A8E401205DB4A4008505ED /* PBXTargetDependency */,
			);
			name = WindowShopperTests;
			productName = WindowShopperTests;
			productReference = F7A8E3FB205DB4A3008505ED /* WindowShopperTests.xctest */;
			productType = "com.apple.product-type.bundle.unit-test";
		};
/* End PBXNativeTarget section */

/* Begin PBXProject section */
		F7A8E3D3205DA47C008505ED /* Project object */ = {
			isa = PBXProject;
			attributes = {
				LastSwiftUpdateCheck = 0920;
				LastUpgradeCheck = 0920;
				ORGANIZATIONNAME = "Landon Carr";
				TargetAttributes = {
					F7A8E3DA205DA47C008505ED = {
						CreatedOnToolsVersion = 9.2;
						ProvisioningStyle = Automatic;
					};
					F7A8E3FA205DB4A3008505ED = {
						CreatedOnToolsVersion = 9.2;
						ProvisioningStyle = Automatic;
						TestTargetID = F7A8E3DA205DA47C008505ED;
					};
				};
			};
			buildConfigurationList = F7A8E3D6205DA47C008505ED /* Build configuration list for PBXProject "WindowShopper" */;
			compatibilityVersion = "Xcode 8.0";
			developmentRegion = en;
			hasScannedForEncodings = 0;
			knownRegions = (
				en,
				Base,
			);
			mainGroup = F7A8E3D2205DA47C008505ED;
			productRefGroup = F7A8E3DC205DA47C008505ED /* Products */;
			projectDirPath = "";
			projectRoot = "";
			targets = (
				F7A8E3DA205DA47C008505ED /* WindowShopper */,
				F7A8E3FA205DB4A3008505ED /* WindowShopperTests */,
			);
		};
/* End PBXProject section */

/* Begin PBXResourcesBuildPhase section */
		F7A8E3D9205DA47C008505ED /* Resources */ = {
			isa = PBXResourcesBuildPhase;
			buildActionMask = 2147483647;
			files = (
				F7A8E3EC205DA47C008505ED /* LaunchScreen.storyboard in Resources */,
				F7A8E3E9205DA47C008505ED /* Assets.xcassets in Resources */,
				F7A8E3E4205DA47C008505ED /* Main.storyboard in Resources */,
			);
			runOnlyForDeploymentPostprocessing = 0;
		};
		F7A8E3F9205DB4A3008505ED /* Resources */ = {
			isa = PBXResourcesBuildPhase;
			buildActionMask = 2147483647;
			files = (
			);
			runOnlyForDeploymentPostprocessing = 0;
		};
/* End PBXResourcesBuildPhase section */

/* Begin PBXSourcesBuildPhase section */
		F7A8E3D7205DA47C008505ED /* Sources */ = {
			isa = PBXSourcesBuildPhase;
			buildActionMask = 2147483647;
			files = (
				F7A8E3F6205DA6EF008505ED /* CurrenyTxtField.swift in Sources */,
				F7A8E3E1205DA47C008505ED /* MainVC.swift in Sources */,
				F7A8E407205DBD21008505ED /* Wage.swift in Sources */,
				F7A8E3DF205DA47C008505ED /* AppDelegate.swift in Sources */,
				F7A8E3E7205DA47C008505ED /* WindowShopper.xcdatamodeld in Sources */,
			);
			runOnlyForDeploymentPostprocessing = 0;
		};
		F7A8E3F7205DB4A3008505ED /* Sources */ = {
			isa = PBXSourcesBuildPhase;
			buildActionMask = 2147483647;
			files = (
				F7A8E3FE205DB4A4008505ED /* WindowShopperTests.swift in Sources */,
				F7A8E408205DBE52008505ED /* Wage.swift in Sources */,
			);
			runOnlyForDeploymentPostprocessing = 0;
		};
/* End PBXSourcesBuildPhase section */

/* Begin PBXTargetDependency section */
		F7A8E401205DB4A4008505ED /* PBXTargetDependency */ = {
			isa = PBXTargetDependency;
			target = F7A8E3DA205DA47C008505ED /* WindowShopper */;
			targetProxy = F7A8E400205DB4A4008505ED /* PBXContainerItemProxy */;
		};
/* End PBXTargetDependency section */

/* Begin PBXVariantGroup section */
		F7A8E3E2205DA47C008505ED /* Main.storyboard */ = {
			isa = PBXVariantGroup;
			children = (
				F7A8E3E3205DA47C008505ED /* Base */,
			);
			name = Main.storyboard;
			sourceTree = "<group>";
		};
		F7A8E3EA205DA47C008505ED /* LaunchScreen.storyboard */ = {
			isa = PBXVariantGroup;
			children = (
				F7A8E3EB205DA47C008505ED /* Base */,
			);
			name = LaunchScreen.storyboard;
			sourceTree = "<group>";
		};
/* End PBXVariantGroup section */

/* Begin XCBuildConfiguration section */
		F7A8E3EE205DA47C008505ED /* Debug */ = {
			isa = XCBuildConfiguration;
			buildSettings = {
				ALWAYS_SEARCH_USER_PATHS = NO;
				CLANG_ANALYZER_NONNULL = YES;
				CLANG_ANALYZER_NUMBER_OBJECT_CONVERSION = YES_AGGRESSIVE;
				CLANG_CXX_LANGUAGE_STANDARD = "gnu++14";
				CLANG_CXX_LIBRARY = "libc++";
				CLANG_ENABLE_MODULES = YES;
				CLANG_ENABLE_OBJC_ARC = YES;
				CLANG_WARN_BLOCK_CAPTURE_AUTORELEASING = YES;
				CLANG_WARN_BOOL_CONVERSION = YES;
				CLANG_WARN_COMMA = YES;
				CLANG_WARN_CONSTANT_CONVERSION = YES;
				CLANG_WARN_DIRECT_OBJC_ISA_USAGE = YES_ERROR;
				CLANG_WARN_DOCUMENTATION_COMMENTS = YES;
				CLANG_WARN_EMPTY_BODY = YES;
				CLANG_WARN_ENUM_CONVERSION = YES;
				CLANG_WARN_INFINITE_RECURSION = YES;
				CLANG_WARN_INT_CONVERSION = YES;
				CLANG_WARN_NON_LITERAL_NULL_CONVERSION = YES;
				CLANG_WARN_OBJC_LITERAL_CONVERSION = YES;
				CLANG_WARN_OBJC_ROOT_CLASS = YES_ERROR;
				CLANG_WARN_RANGE_LOOP_ANALYSIS = YES;
				CLANG_WARN_STRICT_PROTOTYPES = YES;
				CLANG_WARN_SUSPICIOUS_MOVE = YES;
				CLANG_WARN_UNGUARDED_AVAILABILITY = YES_AGGRESSIVE;
				CLANG_WARN_UNREACHABLE_CODE = YES;
				CLANG_WARN__DUPLICATE_METHOD_MATCH = YES;
				CODE_SIGN_IDENTITY = "iPhone Developer";
				COPY_PHASE_STRIP = NO;
				DEBUG_INFORMATION_FORMAT = dwarf;
				ENABLE_STRICT_OBJC_MSGSEND = YES;
				ENABLE_TESTABILITY = YES;
				GCC_C_LANGUAGE_STANDARD = gnu11;
				GCC_DYNAMIC_NO_PIC = NO;
				GCC_NO_COMMON_BLOCKS = YES;
				GCC_OPTIMIZATION_LEVEL = 0;
				GCC_PREPROCESSOR_DEFINITIONS = (
					"DEBUG=1",
					"$(inherited)",
				);
				GCC_WARN_64_TO_32_BIT_CONVERSION = YES;
				GCC_WARN_ABOUT_RETURN_TYPE = YES_ERROR;
				GCC_WARN_UNDECLARED_SELECTOR = YES;
				GCC_WARN_UNINITIALIZED_AUTOS = YES_AGGRESSIVE;
				GCC_WARN_UNUSED_FUNCTION = YES;
				GCC_WARN_UNUSED_VARIABLE = YES;
				IPHONEOS_DEPLOYMENT_TARGET = 11.2;
				MTL_ENABLE_DEBUG_INFO = YES;
				ONLY_ACTIVE_ARCH = YES;
				SDKROOT = iphoneos;
				SWIFT_ACTIVE_COMPILATION_CONDITIONS = DEBUG;
				SWIFT_OPTIMIZATION_LEVEL = "-Onone";
			};
			name = Debug;
		};
		F7A8E3EF205DA47C008505ED /* Release */ = {
			isa = XCBuildConfiguration;
			buildSettings = {
				ALWAYS_SEARCH_USER_PATHS = NO;
				CLANG_ANALYZER_NONNULL = YES;
				CLANG_ANALYZER_NUMBER_OBJECT_CONVERSION = YES_AGGRESSIVE;
				CLANG_CXX_LANGUAGE_STANDARD = "gnu++14";
				CLANG_CXX_LIBRARY = "libc++";
				CLANG_ENABLE_MODULES = YES;
				CLANG_ENABLE_OBJC_ARC = YES;
				CLANG_WARN_BLOCK_CAPTURE_AUTORELEASING = YES;
				CLANG_WARN_BOOL_CONVERSION = YES;
				CLANG_WARN_COMMA = YES;
				CLANG_WARN_CONSTANT_CONVERSION = YES;
				CLANG_WARN_DIRECT_OBJC_ISA_USAGE = YES_ERROR;
				CLANG_WARN_DOCUMENTATION_COMMENTS = YES;
				CLANG_WARN_EMPTY_BODY = YES;
				CLANG_WARN_ENUM_CONVERSION = YES;
				CLANG_WARN_INFINITE_RECURSION = YES;
				CLANG_WARN_INT_CONVERSION = YES;
				CLANG_WARN_NON_LITERAL_NULL_CONVERSION = YES;
				CLANG_WARN_OBJC_LITERAL_CONVERSION = YES;
				CLANG_WARN_OBJC_ROOT_CLASS = YES_ERROR;
				CLANG_WARN_RANGE_LOOP_ANALYSIS = YES;
				CLANG_WARN_STRICT_PROTOTYPES = YES;
				CLANG_WARN_SUSPICIOUS_MOVE = YES;
				CLANG_WARN_UNGUARDED_AVAILABILITY = YES_AGGRESSIVE;
				CLANG_WARN_UNREACHABLE_CODE = YES;
				CLANG_WARN__DUPLICATE_METHOD_MATCH = YES;
				CODE_SIGN_IDENTITY = "iPhone Developer";
				COPY_PHASE_STRIP = NO;
				DEBUG_INFORMATION_FORMAT = "dwarf-with-dsym";
				ENABLE_NS_ASSERTIONS = NO;
				ENABLE_STRICT_OBJC_MSGSEND = YES;
				GCC_C_LANGUAGE_STANDARD = gnu11;
				GCC_NO_COMMON_BLOCKS = YES;
				GCC_WARN_64_TO_32_BIT_CONVERSION = YES;
				GCC_WARN_ABOUT_RETURN_TYPE = YES_ERROR;
				GCC_WARN_UNDECLARED_SELECTOR = YES;
				GCC_WARN_UNINITIALIZED_AUTOS = YES_AGGRESSIVE;
				GCC_WARN_UNUSED_FUNCTION = YES;
				GCC_WARN_UNUSED_VARIABLE = YES;
				IPHONEOS_DEPLOYMENT_TARGET = 11.2;
				MTL_ENABLE_DEBUG_INFO = NO;
				SDKROOT = iphoneos;
				SWIFT_OPTIMIZATION_LEVEL = "-Owholemodule";
				VALIDATE_PRODUCT = YES;
			};
			name = Release;
		};
		F7A8E3F1205DA47C008505ED /* Debug */ = {
			isa = XCBuildConfiguration;
			buildSettings = {
				ASSETCATALOG_COMPILER_APPICON_NAME = AppIcon;
				CODE_SIGN_STYLE = Automatic;
				INFOPLIST_FILE = WindowShopper/Info.plist;
				LD_RUNPATH_SEARCH_PATHS = "$(inherited) @executable_path/Frameworks";
				PRODUCT_BUNDLE_IDENTIFIER = development.WindowShopper;
				PRODUCT_NAME = "$(TARGET_NAME)";
				SWIFT_VERSION = 4.0;
				TARGETED_DEVICE_FAMILY = "1,2";
			};
			name = Debug;
		};
		F7A8E3F2205DA47C008505ED /* Release */ = {
			isa = XCBuildConfiguration;
			buildSettings = {
				ASSETCATALOG_COMPILER_APPICON_NAME = AppIcon;
				CODE_SIGN_STYLE = Automatic;
				INFOPLIST_FILE = WindowShopper/Info.plist;
				LD_RUNPATH_SEARCH_PATHS = "$(inherited) @executable_path/Frameworks";
				PRODUCT_BUNDLE_IDENTIFIER = development.WindowShopper;
				PRODUCT_NAME = "$(TARGET_NAME)";
				SWIFT_VERSION = 4.0;
				TARGETED_DEVICE_FAMILY = "1,2";
			};
			name = Release;
		};
		F7A8E403205DB4A4008505ED /* Debug */ = {
			isa = XCBuildConfiguration;
			buildSettings = {
				BUNDLE_LOADER = "$(TEST_HOST)";
				CODE_SIGN_STYLE = Automatic;
				INFOPLIST_FILE = WindowShopperTests/Info.plist;
				LD_RUNPATH_SEARCH_PATHS = "$(inherited) @executable_path/Frameworks @loader_path/Frameworks";
				PRODUCT_BUNDLE_IDENTIFIER = development.WindowShopperTests;
				PRODUCT_NAME = "$(TARGET_NAME)";
				SWIFT_VERSION = 4.0;
				TARGETED_DEVICE_FAMILY = "1,2";
				TEST_HOST = "$(BUILT_PRODUCTS_DIR)/WindowShopper.app/WindowShopper";
			};
			name = Debug;
		};
		F7A8E404205DB4A4008505ED /* Release */ = {
			isa = XCBuildConfiguration;
			buildSettings = {
				BUNDLE_LOADER = "$(TEST_HOST)";
				CODE_SIGN_STYLE = Automatic;
				INFOPLIST_FILE = WindowShopperTests/Info.plist;
				LD_RUNPATH_SEARCH_PATHS = "$(inherited) @executable_path/Frameworks @loader_path/Frameworks";
				PRODUCT_BUNDLE_IDENTIFIER = development.WindowShopperTests;
				PRODUCT_NAME = "$(TARGET_NAME)";
				SWIFT_VERSION = 4.0;
				TARGETED_DEVICE_FAMILY = "1,2";
				TEST_HOST = "$(BUILT_PRODUCTS_DIR)/WindowShopper.app/WindowShopper";
			};
			name = Release;
		};
/* End XCBuildConfiguration section */

/* Begin XCConfigurationList section */
		F7A8E3D6205DA47C008505ED /* Build configuration list for PBXProject "WindowShopper" */ = {
			isa = XCConfigurationList;
			buildConfigurations = (
				F7A8E3EE205DA47C008505ED /* Debug */,
				F7A8E3EF205DA47C008505ED /* Release */,
			);
			defaultConfigurationIsVisible = 0;
			defaultConfigurationName = Release;
		};
		F7A8E3F0205DA47C008505ED /* Build configuration list for PBXNativeTarget "WindowShopper" */ = {
			isa = XCConfigurationList;
			buildConfigurations = (
				F7A8E3F1205DA47C008505ED /* Debug */,
				F7A8E3F2205DA47C008505ED /* Release */,
			);
			defaultConfigurationIsVisible = 0;
			defaultConfigurationName = Release;
		};
		F7A8E402205DB4A4008505ED /* Build configuration list for PBXNativeTarget "WindowShopperTests" */ = {
			isa = XCConfigurationList;
			buildConfigurations = (
				F7A8E403205DB4A4008505ED /* Debug */,
				F7A8E404205DB4A4008505ED /* Release */,
			);
			defaultConfigurationIsVisible = 0;
			defaultConfigurationName = Release;
		};
/* End XCConfigurationList section */

/* Begin XCVersionGroup section */
		F7A8E3E5205DA47C008505ED /* WindowShopper.xcdatamodeld */ = {
			isa = XCVersionGroup;
			children = (
				F7A8E3E6205DA47C008505ED /* WindowShopper.xcdatamodel */,
			);
			currentVersion = F7A8E3E6205DA47C008505ED /* WindowShopper.xcdatamodel */;
			path = WindowShopper.xcdatamodeld;
			sourceTree = "<group>";
			versionGroupType = wrapper.xcdatamodel;
		};
/* End XCVersionGroup section */
	};
	rootObject = F7A8E3D3205DA47C008505ED /* Project object */;
}
